
Microsoft Visual Studio Solution File, Format Version 12.00
Project("{FAE04EC0-301F-11D3-BF4B-00C04F79EFBC}") = "AdventOfCode2025", "src\AdventOfCode2025\AdventOfCode2025.csproj", "{3EA65364-17E0-46E2-9E02-29B29B3BF1E5}"
EndProject
Project("{FAE04EC0-301F-11D3-BF4B-00C04F79EFBC}") = "AdventOfCode2025.Tests", "tests\AdventOfCode2025.Tests\AdventOfCode2025.Tests.csproj", "{C4615A28-81D8-41EC-A0F1-C02E7CAD35A8}"
EndProject
Global
	GlobalSection(SolutionConfigurationPlatforms) = preSolution
		Debug|Any CPU = Debug|Any CPU
		Release|Any CPU = Release|Any CPU
	EndGlobalSection
	GlobalSection(ProjectConfigurationPlatforms) = postSolution
		{3EA65364-17E0-46E2-9E02-29B29B3BF1E5}.Debug|Any CPU.ActiveCfg = Debug|Any CPU
		{3EA65364-17E0-46E2-9E02-29B29B3BF1E5}.Debug|Any CPU.Build.0 = Debug|Any CPU
		{3EA65364-17E0-46E2-9E02-29B29B3BF1E5}.Release|Any CPU.ActiveCfg = Release|Any CPU
		{3EA65364-17E0-46E2-9E02-29B29B3BF1E5}.Release|Any CPU.Build.0 = Release|Any CPU
		{C4615A28-81D8-41EC-A0F1-C02E7CAD35A8}.Debug|Any CPU.ActiveCfg = Debug|Any CPU
		{C4615A28-81D8-41EC-A0F1-C02E7CAD35A8}.Debug|Any CPU.Build.0 = Debug|Any CPU
		{C4615A28-81D8-41EC-A0F1-C02E7CAD35A8}.Release|Any CPU.ActiveCfg = Release|Any CPU
		{C4615A28-81D8-41EC-A0F1-C02E7CAD35A8}.Release|Any CPU.Build.0 = Release|Any CPU
	EndGlobalSection
EndGlobal
